Microsoft Visual Studio Solution File, Format Version 12.00
# Visual Studio Version 17
VisualStudioVersion = 17.5.2.0
MinimumVisualStudioVersion = 10.0.40219.1
Project("{FAE04EC0-301F-11D3-BF4B-00C04F79EFBC}") = "RobinMagicC", "RobinMagicC.csproj", "{DABCC5A0-7354-A9A4-7992-4975B3F98834}"
EndProject
Global
	GlobalSection(SolutionConfigurationPlatforms) = preSolution
		Debug|Any CPU = Debug|Any CPU
		Release|Any CPU = Release|Any CPU
	EndGlobalSection
	GlobalSection(ProjectConfigurationPlatforms) = postSolution
		{DABCC5A0-7354-A9A4-7992-4975B3F98834}.Debug|Any CPU.ActiveCfg = Debug|Any CPU
		{DABCC5A0-7354-A9A4-7992-4975B3F98834}.Debug|Any CPU.Build.0 = Debug|Any CPU
		{DABCC5A0-7354-A9A4-7992-4975B3F98834}.Release|Any CPU.ActiveCfg = Release|Any CPU
		{DABCC5A0-7354-A9A4-7992-4975B3F98834}.Release|Any CPU.Build.0 = Release|Any CPU
	EndGlobalSection
	GlobalSection(SolutionProperties) = preSolution
		HideSolutionNode = FALSE
	EndGlobalSection
	GlobalSection(ExtensibilityGlobals) = postSolution
		SolutionGuid = {994E252A-5445-4235-8004-E6C321B59235}
	EndGlobalSection
EndGlobal
